
Microsoft Visual Studio Solution File, Format Version 12.00
# Visual Studio Version 16
VisualStudioVersion = 16.0.32126.315
MinimumVisualStudioVersion = 10.0.40219.1
Project("{9A19103F-16F7-4668-BE54-9A1E7A4F7556}") = "FrontEnd", "FrontEnd\FrontEnd.csproj", "{A208A2A5-8438-4F9F-94F4-4404BD6EC14A}"
EndProject
Project("{9A19103F-16F7-4668-BE54-9A1E7A4F7556}") = "TareaSemana2BUENA", "TareaSemana2BUENA\TareaSemana2BUENA.csproj", "{D86D8124-8EE5-458A-8960-93A178E97DF3}"
EndProject
Project("{FAE04EC0-301F-11D3-BF4B-00C04F79EFBC}") = "TareaSemana2Rethinked", "TareaSemana2Rethinked\TareaSemana2Rethinked.csproj", "{1ECA0244-D18B-449D-91A9-E8E1C5BB7CE1}"
EndProject
Global
	GlobalSection(SolutionConfigurationPlatforms) = preSolution
		Debug|Any CPU = Debug|Any CPU
		Release|Any CPU = Release|Any CPU
	EndGlobalSection
	GlobalSection(ProjectConfigurationPlatforms) = postSolution
		{A208A2A5-8438-4F9F-94F4-4404BD6EC14A}.Debug|Any CPU.ActiveCfg = Debug|Any CPU
		{A208A2A5-8438-4F9F-94F4-4404BD6EC14A}.Debug|Any CPU.Build.0 = Debug|Any CPU
		{A208A2A5-8438-4F9F-94F4-4404BD6EC14A}.Release|Any CPU.ActiveCfg = Release|Any CPU
		{A208A2A5-8438-4F9F-94F4-4404BD6EC14A}.Release|Any CPU.Build.0 = Release|Any CPU
		{D86D8124-8EE5-458A-8960-93A178E97DF3}.Debug|Any CPU.ActiveCfg = Debug|Any CPU
		{D86D8124-8EE5-458A-8960-93A178E97DF3}.Debug|Any CPU.Build.0 = Debug|Any CPU
		{D86D8124-8EE5-458A-8960-93A178E97DF3}.Release|Any CPU.ActiveCfg = Release|Any CPU
		{D86D8124-8EE5-458A-8960-93A178E97DF3}.Release|Any CPU.Build.0 = Release|Any CPU
		{1ECA0244-D18B-449D-91A9-E8E1C5BB7CE1}.Debug|Any CPU.ActiveCfg = Debug|Any CPU
		{1ECA0244-D18B-449D-91A9-E8E1C5BB7CE1}.Debug|Any CPU.Build.0 = Debug|Any CPU
		{1ECA0244-D18B-449D-91A9-E8E1C5BB7CE1}.Release|Any CPU.ActiveCfg = Release|Any CPU
		{1ECA0244-D18B-449D-91A9-E8E1C5BB7CE1}.Release|Any CPU.Build.0 = Release|Any CPU
	EndGlobalSection
	GlobalSection(SolutionProperties) = preSolution
		HideSolutionNode = FALSE
	EndGlobalSection
	GlobalSection(ExtensibilityGlobals) = postSolution
		SolutionGuid = {EA3A08A5-CC01-4E76-9B63-2A682E4F0B64}
	EndGlobalSection
EndGlobal
