
Microsoft Visual Studio Solution File, Format Version 12.00
# Visual Studio Version 16
VisualStudioVersion = 16.0.32126.315
MinimumVisualStudioVersion = 10.0.40219.1
Project("{FAE04EC0-301F-11D3-BF4B-00C04F79EFBC}") = "FE.W", "FE.W\FE.W.csproj", "{CC79CC6B-DDA7-4F36-B6D0-E5CAA2FDC9DE}"
EndProject
Project("{FAE04EC0-301F-11D3-BF4B-00C04F79EFBC}") = "FE", "FE\FE.csproj", "{E4F02A0A-9DE2-4B6E-B60B-6F01713A23E2}"
EndProject
Global
	GlobalSection(SolutionConfigurationPlatforms) = preSolution
		Debug|Any CPU = Debug|Any CPU
		Release|Any CPU = Release|Any CPU
	EndGlobalSection
	GlobalSection(ProjectConfigurationPlatforms) = postSolution
		{CC79CC6B-DDA7-4F36-B6D0-E5CAA2FDC9DE}.Debug|Any CPU.ActiveCfg = Debug|Any CPU
		{CC79CC6B-DDA7-4F36-B6D0-E5CAA2FDC9DE}.Debug|Any CPU.Build.0 = Debug|Any CPU
		{CC79CC6B-DDA7-4F36-B6D0-E5CAA2FDC9DE}.Release|Any CPU.ActiveCfg = Release|Any CPU
		{CC79CC6B-DDA7-4F36-B6D0-E5CAA2FDC9DE}.Release|Any CPU.Build.0 = Release|Any CPU
		{E4F02A0A-9DE2-4B6E-B60B-6F01713A23E2}.Debug|Any CPU.ActiveCfg = Debug|Any CPU
		{E4F02A0A-9DE2-4B6E-B60B-6F01713A23E2}.Debug|Any CPU.Build.0 = Debug|Any CPU
		{E4F02A0A-9DE2-4B6E-B60B-6F01713A23E2}.Release|Any CPU.ActiveCfg = Release|Any CPU
		{E4F02A0A-9DE2-4B6E-B60B-6F01713A23E2}.Release|Any CPU.Build.0 = Release|Any CPU
	EndGlobalSection
	GlobalSection(SolutionProperties) = preSolution
		HideSolutionNode = FALSE
	EndGlobalSection
	GlobalSection(ExtensibilityGlobals) = postSolution
		SolutionGuid = {93DBDA6B-A79B-4E80-95DD-18AD66E0586E}
	EndGlobalSection
EndGlobal
